
Microsoft Visual Studio Solution File, Format Version 10.00
# Visual Studio 2008
Project("{8BC9CEB8-8B4A-11D0-8D11-00A0C91BC942}") = "test.scratch.stlsoft.shims.access.string", "test.scratch.stlsoft.shims.access.string.type_info\vc9\test.scratch.stlsoft.shims.access.string.type_info.vcproj", "{7BA90D28-88CC-451B-9CCD-5B1CB0CB9C6D}"
EndProject
Global
	GlobalSection(SolutionConfigurationPlatforms) = preSolution
		Debug|Win32 = Debug|Win32
		Release|Win32 = Release|Win32
	EndGlobalSection
	GlobalSection(ProjectConfigurationPlatforms) = postSolution
		{7BA90D28-88CC-451B-9CCD-5B1CB0CB9C6D}.Debug|Win32.ActiveCfg = Debug|Win32
		{7BA90D28-88CC-451B-9CCD-5B1CB0CB9C6D}.Debug|Win32.Build.0 = Debug|Win32
		{7BA90D28-88CC-451B-9CCD-5B1CB0CB9C6D}.Release|Win32.ActiveCfg = Release|Win32
		{7BA90D28-88CC-451B-9CCD-5B1CB0CB9C6D}.Release|Win32.Build.0 = Release|Win32
	EndGlobalSection
	GlobalSection(SolutionProperties) = preSolution
		HideSolutionNode = FALSE
	EndGlobalSection
EndGlobal
