
Microsoft Visual Studio Solution File, Format Version 10.00
# Visual Studio 2008
Project("{8BC9CEB8-8B4A-11D0-8D11-00A0C91BC942}") = "test.unit.stlsoft.container.pod_vector", "stlsoft\container\test.unit.stlsoft.container.pod_vector\vc9\test.unit.stlsoft.container.pod_vector.vcproj", "{D307DB80-D940-48D9-A53A-8CEA320976F6}"
	ProjectSection(ProjectDependencies) = postProject
		{4A067EFE-C65F-45BA-9E06-59AFB31EABBA} = {4A067EFE-C65F-45BA-9E06-59AFB31EABBA}
	EndProjectSection
EndProject
Project("{8BC9CEB8-8B4A-11D0-8D11-00A0C91BC942}") = "test.unit.stlsoft.string.simple_string", "stlsoft\string\test.unit.stlsoft.string.simple_string\vc9\test.unit.stlsoft.string.simple_string.vcproj", "{9B08E4DD-E2AE-4478-BE6A-ED22DE1F59D9}"
	ProjectSection(ProjectDependencies) = postProject
		{4A067EFE-C65F-45BA-9E06-59AFB31EABBA} = {4A067EFE-C65F-45BA-9E06-59AFB31EABBA}
	EndProjectSection
EndProject
Project("{8BC9CEB8-8B4A-11D0-8D11-00A0C91BC942}") = "xcover", "..\..\..\..\..\..\freelibs\xcover\cppcover\0.3\projects\core\vc9\xcover.core.vcproj", "{4A067EFE-C65F-45BA-9E06-59AFB31EABBA}"
EndProject
Project("{8BC9CEB8-8B4A-11D0-8D11-00A0C91BC942}") = "test.unit.stlsoft.string.shim_string", "stlsoft\string\test.unit.stlsoft.string.shim_string\vc9\test.unit.stlsoft.string.shim_string.vcproj", "{120AC647-F80B-44A4-9062-187EAFBF7219}"
	ProjectSection(ProjectDependencies) = postProject
		{4A067EFE-C65F-45BA-9E06-59AFB31EABBA} = {4A067EFE-C65F-45BA-9E06-59AFB31EABBA}
	EndProjectSection
EndProject
Project("{8BC9CEB8-8B4A-11D0-8D11-00A0C91BC942}") = "test.unit.winstl.synch.w4mo", "winstl\synch\test.unit.winstl.synch.w4mo\vc9\test.unit.winstl.synch.w4mo.vcproj", "{12875CA1-FAFB-4ADB-88CE-CB6325591456}"
	ProjectSection(ProjectDependencies) = postProject
		{4A067EFE-C65F-45BA-9E06-59AFB31EABBA} = {4A067EFE-C65F-45BA-9E06-59AFB31EABBA}
	EndProjectSection
EndProject
Project("{8BC9CEB8-8B4A-11D0-8D11-00A0C91BC942}") = "test.unit.stlsoft.smartptr.scoped_ptr", "stlsoft\smartptr\scoped_ptr\test.unit.stlsoft.smartptr.scoped_ptr\vc9\test.unit.stlsoft.smartptr.scoped_ptr.vcproj", "{DEFE2A07-08E4-4F3A-8688-4CCB74CC42F0}"
	ProjectSection(ProjectDependencies) = postProject
		{4A067EFE-C65F-45BA-9E06-59AFB31EABBA} = {4A067EFE-C65F-45BA-9E06-59AFB31EABBA}
	EndProjectSection
EndProject
Project("{8BC9CEB8-8B4A-11D0-8D11-00A0C91BC942}") = "test.unit.stlsoft.conversion.string_to_integer", "stlsoft\conversion\test.unit.stlsoft.conversion.string_to_integer\vc9\test.unit.stlsoft.conversion.string_to_integer.vcproj", "{520E11E5-2CC0-4D21-B2E1-C4519B2013FD}"
	ProjectSection(ProjectDependencies) = postProject
		{4A067EFE-C65F-45BA-9E06-59AFB31EABBA} = {4A067EFE-C65F-45BA-9E06-59AFB31EABBA}
	EndProjectSection
EndProject
Project("{8BC9CEB8-8B4A-11D0-8D11-00A0C91BC942}") = "test.unit.stlsoft.util.must_init", "stlsoft\util\test.unit.stlsoft.util.must_init\vc9\test.unit.stlsoft.util.must_init.vcproj", "{8D0AA0BA-81AF-4188-8011-06F1E9B572A1}"
	ProjectSection(ProjectDependencies) = postProject
		{4A067EFE-C65F-45BA-9E06-59AFB31EABBA} = {4A067EFE-C65F-45BA-9E06-59AFB31EABBA}
	EndProjectSection
EndProject
Project("{8BC9CEB8-8B4A-11D0-8D11-00A0C91BC942}") = "test.unit.winstl.filesystem.filesystem_traits.1", "winstl\filesystem\test.unit.winstl.filesystem.filesystem_traits.1\vc9\test.unit.winstl.filesystem.filesystem_traits.1.vcproj", "{0C1B33A9-516B-49AE-B1AE-D544CC710AC4}"
	ProjectSection(ProjectDependencies) = postProject
		{4A067EFE-C65F-45BA-9E06-59AFB31EABBA} = {4A067EFE-C65F-45BA-9E06-59AFB31EABBA}
	EndProjectSection
EndProject
Project("{8BC9CEB8-8B4A-11D0-8D11-00A0C91BC942}") = "test.unit.winstl.filesystem.path", "winstl\filesystem\test.unit.winstl.filesystem.path\vc9\test.unit.winstl.filesystem.path.vcproj", "{4E0211EA-00BE-4E2B-990B-603483A0FAEC}"
	ProjectSection(ProjectDependencies) = postProject
		{4A067EFE-C65F-45BA-9E06-59AFB31EABBA} = {4A067EFE-C65F-45BA-9E06-59AFB31EABBA}
	EndProjectSection
EndProject
Project("{8BC9CEB8-8B4A-11D0-8D11-00A0C91BC942}") = "test.unit.winstl.filesystem.path_functions", "winstl\filesystem\test.unit.winstl.filesystem.path_functions\vc9\test.unit.winstl.filesystem.path_functions.vcproj", "{7A2991A3-B715-48FC-BB16-2CC768CF59FB}"
	ProjectSection(ProjectDependencies) = postProject
		{4A067EFE-C65F-45BA-9E06-59AFB31EABBA} = {4A067EFE-C65F-45BA-9E06-59AFB31EABBA}
	EndProjectSection
EndProject
Project("{8BC9CEB8-8B4A-11D0-8D11-00A0C91BC942}") = "test.unit.winstl.filesystem.findvolume_sequence", "winstl\filesystem\test.unit.winstl.filesystem.findvolume_sequence\vc9\test.unit.winstl.filesystem.findvolume_sequence.vcproj", "{1B4A5003-F986-4B4D-B744-42668A5734D8}"
	ProjectSection(ProjectDependencies) = postProject
		{4A067EFE-C65F-45BA-9E06-59AFB31EABBA} = {4A067EFE-C65F-45BA-9E06-59AFB31EABBA}
	EndProjectSection
EndProject
Project("{8BC9CEB8-8B4A-11D0-8D11-00A0C91BC942}") = "test.unit.stlsoft.string.string_view", "stlsoft\string\test.unit.stlsoft.string.string_view\vc9\test.unit.stlsoft.string.string_view.vcproj", "{1B32224F-76EB-4EB2-A58D-AB867D5F5E98}"
	ProjectSection(ProjectDependencies) = postProject
		{4A067EFE-C65F-45BA-9E06-59AFB31EABBA} = {4A067EFE-C65F-45BA-9E06-59AFB31EABBA}
	EndProjectSection
EndProject
Project("{8BC9CEB8-8B4A-11D0-8D11-00A0C91BC942}") = "test.unit.stlsoft.string.string_registry", "stlsoft\string\test.unit.stlsoft.string.string_registry\vc9\test.unit.stlsoft.string.string_registry.vcproj", "{C3AD787F-EDF4-47E5-B1E8-D7C366A20280}"
	ProjectSection(ProjectDependencies) = postProject
		{4A067EFE-C65F-45BA-9E06-59AFB31EABBA} = {4A067EFE-C65F-45BA-9E06-59AFB31EABBA}
	EndProjectSection
EndProject
Global
	GlobalSection(SolutionConfigurationPlatforms) = preSolution
		Debug Multithreaded DLL|Win32 = Debug Multithreaded DLL|Win32
		Debug Multithreaded|Win32 = Debug Multithreaded|Win32
		Debug NoX|Win32 = Debug NoX|Win32
		Debug pseudoUNIX|Win32 = Debug pseudoUNIX|Win32
		Debug xCover|Win32 = Debug xCover|Win32
		Release Multithreaded DLL|Win32 = Release Multithreaded DLL|Win32
		Release Multithreaded|Win32 = Release Multithreaded|Win32
		Unicode Debug Multithreaded|Win32 = Unicode Debug Multithreaded|Win32
		Unicode Debug xCover|Win32 = Unicode Debug xCover|Win32
	EndGlobalSection
	GlobalSection(ProjectConfigurationPlatforms) = postSolution
		{D307DB80-D940-48D9-A53A-8CEA320976F6}.Debug Multithreaded DLL|Win32.ActiveCfg = Debug|Win32
		{D307DB80-D940-48D9-A53A-8CEA320976F6}.Debug Multithreaded|Win32.ActiveCfg = Debug|Win32
		{D307DB80-D940-48D9-A53A-8CEA320976F6}.Debug Multithreaded|Win32.Build.0 = Debug|Win32
		{D307DB80-D940-48D9-A53A-8CEA320976F6}.Debug NoX|Win32.ActiveCfg = Debug|Win32
		{D307DB80-D940-48D9-A53A-8CEA320976F6}.Debug NoX|Win32.Build.0 = Debug|Win32
		{D307DB80-D940-48D9-A53A-8CEA320976F6}.Debug pseudoUNIX|Win32.ActiveCfg = Debug xCover|Win32
		{D307DB80-D940-48D9-A53A-8CEA320976F6}.Debug pseudoUNIX|Win32.Build.0 = Debug xCover|Win32
		{D307DB80-D940-48D9-A53A-8CEA320976F6}.Debug xCover|Win32.ActiveCfg = Debug xCover|Win32
		{D307DB80-D940-48D9-A53A-8CEA320976F6}.Release Multithreaded DLL|Win32.ActiveCfg = Release|Win32
		{D307DB80-D940-48D9-A53A-8CEA320976F6}.Release Multithreaded DLL|Win32.Build.0 = Release|Win32
		{D307DB80-D940-48D9-A53A-8CEA320976F6}.Release Multithreaded|Win32.ActiveCfg = Release|Win32
		{D307DB80-D940-48D9-A53A-8CEA320976F6}.Release Multithreaded|Win32.Build.0 = Release|Win32
		{D307DB80-D940-48D9-A53A-8CEA320976F6}.Unicode Debug Multithreaded|Win32.ActiveCfg = Debug|Win32
		{D307DB80-D940-48D9-A53A-8CEA320976F6}.Unicode Debug Multithreaded|Win32.Build.0 = Debug|Win32
		{D307DB80-D940-48D9-A53A-8CEA320976F6}.Unicode Debug xCover|Win32.ActiveCfg = Debug xCover|Win32
		{D307DB80-D940-48D9-A53A-8CEA320976F6}.Unicode Debug xCover|Win32.Build.0 = Debug xCover|Win32
		{9B08E4DD-E2AE-4478-BE6A-ED22DE1F59D9}.Debug Multithreaded DLL|Win32.ActiveCfg = Debug Multithreaded xCover|Win32
		{9B08E4DD-E2AE-4478-BE6A-ED22DE1F59D9}.Debug Multithreaded|Win32.ActiveCfg = Debug Multithreaded|Win32
		{9B08E4DD-E2AE-4478-BE6A-ED22DE1F59D9}.Debug Multithreaded|Win32.Build.0 = Debug Multithreaded|Win32
		{9B08E4DD-E2AE-4478-BE6A-ED22DE1F59D9}.Debug NoX|Win32.ActiveCfg = Debug Multithreaded xCover|Win32
		{9B08E4DD-E2AE-4478-BE6A-ED22DE1F59D9}.Debug NoX|Win32.Build.0 = Debug Multithreaded xCover|Win32
		{9B08E4DD-E2AE-4478-BE6A-ED22DE1F59D9}.Debug pseudoUNIX|Win32.ActiveCfg = Debug Multithreaded xCover|Win32
		{9B08E4DD-E2AE-4478-BE6A-ED22DE1F59D9}.Debug pseudoUNIX|Win32.Build.0 = Debug Multithreaded xCover|Win32
		{9B08E4DD-E2AE-4478-BE6A-ED22DE1F59D9}.Debug xCover|Win32.ActiveCfg = Debug Multithreaded xCover|Win32
		{9B08E4DD-E2AE-4478-BE6A-ED22DE1F59D9}.Debug xCover|Win32.Build.0 = Debug Multithreaded xCover|Win32
		{9B08E4DD-E2AE-4478-BE6A-ED22DE1F59D9}.Release Multithreaded DLL|Win32.ActiveCfg = Release Multithreaded|Win32
		{9B08E4DD-E2AE-4478-BE6A-ED22DE1F59D9}.Release Multithreaded DLL|Win32.Build.0 = Release Multithreaded|Win32
		{9B08E4DD-E2AE-4478-BE6A-ED22DE1F59D9}.Release Multithreaded|Win32.ActiveCfg = Release Multithreaded|Win32
		{9B08E4DD-E2AE-4478-BE6A-ED22DE1F59D9}.Release Multithreaded|Win32.Build.0 = Release Multithreaded|Win32
		{9B08E4DD-E2AE-4478-BE6A-ED22DE1F59D9}.Unicode Debug Multithreaded|Win32.ActiveCfg = Unicode Debug Multithreaded xCover|Win32
		{9B08E4DD-E2AE-4478-BE6A-ED22DE1F59D9}.Unicode Debug Multithreaded|Win32.Build.0 = Unicode Debug Multithreaded xCover|Win32
		{9B08E4DD-E2AE-4478-BE6A-ED22DE1F59D9}.Unicode Debug xCover|Win32.ActiveCfg = Unicode Debug Multithreaded xCover|Win32
		{9B08E4DD-E2AE-4478-BE6A-ED22DE1F59D9}.Unicode Debug xCover|Win32.Build.0 = Unicode Debug Multithreaded xCover|Win32
		{4A067EFE-C65F-45BA-9E06-59AFB31EABBA}.Debug Multithreaded DLL|Win32.ActiveCfg = Debug Multithreaded DLL|Win32
		{4A067EFE-C65F-45BA-9E06-59AFB31EABBA}.Debug Multithreaded DLL|Win32.Build.0 = Debug Multithreaded DLL|Win32
		{4A067EFE-C65F-45BA-9E06-59AFB31EABBA}.Debug Multithreaded|Win32.ActiveCfg = Debug Multithreaded|Win32
		{4A067EFE-C65F-45BA-9E06-59AFB31EABBA}.Debug Multithreaded|Win32.Build.0 = Debug Multithreaded|Win32
		{4A067EFE-C65F-45BA-9E06-59AFB31EABBA}.Debug NoX|Win32.ActiveCfg = Debug Multithreaded|Win32
		{4A067EFE-C65F-45BA-9E06-59AFB31EABBA}.Debug NoX|Win32.Build.0 = Debug Multithreaded|Win32
		{4A067EFE-C65F-45BA-9E06-59AFB31EABBA}.Debug pseudoUNIX|Win32.ActiveCfg = Debug Multithreaded|Win32
		{4A067EFE-C65F-45BA-9E06-59AFB31EABBA}.Debug pseudoUNIX|Win32.Build.0 = Debug Multithreaded|Win32
		{4A067EFE-C65F-45BA-9E06-59AFB31EABBA}.Debug xCover|Win32.ActiveCfg = Debug Multithreaded|Win32
		{4A067EFE-C65F-45BA-9E06-59AFB31EABBA}.Debug xCover|Win32.Build.0 = Debug Multithreaded|Win32
		{4A067EFE-C65F-45BA-9E06-59AFB31EABBA}.Release Multithreaded DLL|Win32.ActiveCfg = Release Multithreaded DLL|Win32
		{4A067EFE-C65F-45BA-9E06-59AFB31EABBA}.Release Multithreaded DLL|Win32.Build.0 = Release Multithreaded DLL|Win32
		{4A067EFE-C65F-45BA-9E06-59AFB31EABBA}.Release Multithreaded|Win32.ActiveCfg = Release Multithreaded|Win32
		{4A067EFE-C65F-45BA-9E06-59AFB31EABBA}.Release Multithreaded|Win32.Build.0 = Release Multithreaded|Win32
		{4A067EFE-C65F-45BA-9E06-59AFB31EABBA}.Unicode Debug Multithreaded|Win32.ActiveCfg = Unicode Debug Multithreaded|Win32
		{4A067EFE-C65F-45BA-9E06-59AFB31EABBA}.Unicode Debug Multithreaded|Win32.Build.0 = Unicode Debug Multithreaded|Win32
		{4A067EFE-C65F-45BA-9E06-59AFB31EABBA}.Unicode Debug xCover|Win32.ActiveCfg = Unicode Debug Multithreaded|Win32
		{4A067EFE-C65F-45BA-9E06-59AFB31EABBA}.Unicode Debug xCover|Win32.Build.0 = Unicode Debug Multithreaded|Win32
		{120AC647-F80B-44A4-9062-187EAFBF7219}.Debug Multithreaded DLL|Win32.ActiveCfg = Debug xCover|Win32
		{120AC647-F80B-44A4-9062-187EAFBF7219}.Debug Multithreaded|Win32.ActiveCfg = Debug Multithreaded|Win32
		{120AC647-F80B-44A4-9062-187EAFBF7219}.Debug Multithreaded|Win32.Build.0 = Debug Multithreaded|Win32
		{120AC647-F80B-44A4-9062-187EAFBF7219}.Debug NoX|Win32.ActiveCfg = Debug xCover|Win32
		{120AC647-F80B-44A4-9062-187EAFBF7219}.Debug NoX|Win32.Build.0 = Debug xCover|Win32
		{120AC647-F80B-44A4-9062-187EAFBF7219}.Debug pseudoUNIX|Win32.ActiveCfg = Debug xCover|Win32
		{120AC647-F80B-44A4-9062-187EAFBF7219}.Debug pseudoUNIX|Win32.Build.0 = Debug xCover|Win32
		{120AC647-F80B-44A4-9062-187EAFBF7219}.Debug xCover|Win32.ActiveCfg = Debug xCover|Win32
		{120AC647-F80B-44A4-9062-187EAFBF7219}.Release Multithreaded DLL|Win32.ActiveCfg = Release Multithreaded|Win32
		{120AC647-F80B-44A4-9062-187EAFBF7219}.Release Multithreaded DLL|Win32.Build.0 = Release Multithreaded|Win32
		{120AC647-F80B-44A4-9062-187EAFBF7219}.Release Multithreaded|Win32.ActiveCfg = Release Multithreaded|Win32
		{120AC647-F80B-44A4-9062-187EAFBF7219}.Release Multithreaded|Win32.Build.0 = Release Multithreaded|Win32
		{120AC647-F80B-44A4-9062-187EAFBF7219}.Unicode Debug Multithreaded|Win32.ActiveCfg = Debug Multithreaded|Win32
		{120AC647-F80B-44A4-9062-187EAFBF7219}.Unicode Debug Multithreaded|Win32.Build.0 = Debug Multithreaded|Win32
		{120AC647-F80B-44A4-9062-187EAFBF7219}.Unicode Debug xCover|Win32.ActiveCfg = Debug xCover|Win32
		{120AC647-F80B-44A4-9062-187EAFBF7219}.Unicode Debug xCover|Win32.Build.0 = Debug xCover|Win32
		{12875CA1-FAFB-4ADB-88CE-CB6325591456}.Debug Multithreaded DLL|Win32.ActiveCfg = Debug Multithreaded NoX|Win32
		{12875CA1-FAFB-4ADB-88CE-CB6325591456}.Debug Multithreaded|Win32.ActiveCfg = Debug Multithreaded|Win32
		{12875CA1-FAFB-4ADB-88CE-CB6325591456}.Debug Multithreaded|Win32.Build.0 = Debug Multithreaded|Win32
		{12875CA1-FAFB-4ADB-88CE-CB6325591456}.Debug NoX|Win32.ActiveCfg = Debug Multithreaded NoX|Win32
		{12875CA1-FAFB-4ADB-88CE-CB6325591456}.Debug NoX|Win32.Build.0 = Debug Multithreaded NoX|Win32
		{12875CA1-FAFB-4ADB-88CE-CB6325591456}.Debug pseudoUNIX|Win32.ActiveCfg = Debug Multithreaded NoX|Win32
		{12875CA1-FAFB-4ADB-88CE-CB6325591456}.Debug pseudoUNIX|Win32.Build.0 = Debug Multithreaded NoX|Win32
		{12875CA1-FAFB-4ADB-88CE-CB6325591456}.Debug xCover|Win32.ActiveCfg = Debug Multithreaded NoX|Win32
		{12875CA1-FAFB-4ADB-88CE-CB6325591456}.Debug xCover|Win32.Build.0 = Debug Multithreaded NoX|Win32
		{12875CA1-FAFB-4ADB-88CE-CB6325591456}.Release Multithreaded DLL|Win32.ActiveCfg = Release Multithreaded|Win32
		{12875CA1-FAFB-4ADB-88CE-CB6325591456}.Release Multithreaded DLL|Win32.Build.0 = Release Multithreaded|Win32
		{12875CA1-FAFB-4ADB-88CE-CB6325591456}.Release Multithreaded|Win32.ActiveCfg = Release Multithreaded|Win32
		{12875CA1-FAFB-4ADB-88CE-CB6325591456}.Release Multithreaded|Win32.Build.0 = Release Multithreaded|Win32
		{12875CA1-FAFB-4ADB-88CE-CB6325591456}.Unicode Debug Multithreaded|Win32.ActiveCfg = Debug Multithreaded|Win32
		{12875CA1-FAFB-4ADB-88CE-CB6325591456}.Unicode Debug Multithreaded|Win32.Build.0 = Debug Multithreaded|Win32
		{12875CA1-FAFB-4ADB-88CE-CB6325591456}.Unicode Debug xCover|Win32.ActiveCfg = Debug Multithreaded NoX|Win32
		{12875CA1-FAFB-4ADB-88CE-CB6325591456}.Unicode Debug xCover|Win32.Build.0 = Debug Multithreaded NoX|Win32
		{DEFE2A07-08E4-4F3A-8688-4CCB74CC42F0}.Debug Multithreaded DLL|Win32.ActiveCfg = Debug|Win32
		{DEFE2A07-08E4-4F3A-8688-4CCB74CC42F0}.Debug Multithreaded|Win32.ActiveCfg = Debug|Win32
		{DEFE2A07-08E4-4F3A-8688-4CCB74CC42F0}.Debug Multithreaded|Win32.Build.0 = Debug|Win32
		{DEFE2A07-08E4-4F3A-8688-4CCB74CC42F0}.Debug NoX|Win32.ActiveCfg = Debug|Win32
		{DEFE2A07-08E4-4F3A-8688-4CCB74CC42F0}.Debug NoX|Win32.Build.0 = Debug|Win32
		{DEFE2A07-08E4-4F3A-8688-4CCB74CC42F0}.Debug pseudoUNIX|Win32.ActiveCfg = Debug|Win32
		{DEFE2A07-08E4-4F3A-8688-4CCB74CC42F0}.Debug pseudoUNIX|Win32.Build.0 = Debug|Win32
		{DEFE2A07-08E4-4F3A-8688-4CCB74CC42F0}.Debug xCover|Win32.ActiveCfg = Debug|Win32
		{DEFE2A07-08E4-4F3A-8688-4CCB74CC42F0}.Release Multithreaded DLL|Win32.ActiveCfg = Release|Win32
		{DEFE2A07-08E4-4F3A-8688-4CCB74CC42F0}.Release Multithreaded DLL|Win32.Build.0 = Release|Win32
		{DEFE2A07-08E4-4F3A-8688-4CCB74CC42F0}.Release Multithreaded|Win32.ActiveCfg = Release|Win32
		{DEFE2A07-08E4-4F3A-8688-4CCB74CC42F0}.Release Multithreaded|Win32.Build.0 = Release|Win32
		{DEFE2A07-08E4-4F3A-8688-4CCB74CC42F0}.Unicode Debug Multithreaded|Win32.ActiveCfg = Debug|Win32
		{DEFE2A07-08E4-4F3A-8688-4CCB74CC42F0}.Unicode Debug Multithreaded|Win32.Build.0 = Debug|Win32
		{DEFE2A07-08E4-4F3A-8688-4CCB74CC42F0}.Unicode Debug xCover|Win32.ActiveCfg = Debug|Win32
		{DEFE2A07-08E4-4F3A-8688-4CCB74CC42F0}.Unicode Debug xCover|Win32.Build.0 = Debug|Win32
		{520E11E5-2CC0-4D21-B2E1-C4519B2013FD}.Debug Multithreaded DLL|Win32.ActiveCfg = Debug|Win32
		{520E11E5-2CC0-4D21-B2E1-C4519B2013FD}.Debug Multithreaded|Win32.ActiveCfg = Debug|Win32
		{520E11E5-2CC0-4D21-B2E1-C4519B2013FD}.Debug Multithreaded|Win32.Build.0 = Debug|Win32
		{520E11E5-2CC0-4D21-B2E1-C4519B2013FD}.Debug NoX|Win32.ActiveCfg = Debug|Win32
		{520E11E5-2CC0-4D21-B2E1-C4519B2013FD}.Debug NoX|Win32.Build.0 = Debug|Win32
		{520E11E5-2CC0-4D21-B2E1-C4519B2013FD}.Debug pseudoUNIX|Win32.ActiveCfg = Debug xCover|Win32
		{520E11E5-2CC0-4D21-B2E1-C4519B2013FD}.Debug pseudoUNIX|Win32.Build.0 = Debug xCover|Win32
		{520E11E5-2CC0-4D21-B2E1-C4519B2013FD}.Debug xCover|Win32.ActiveCfg = Debug xCover|Win32
		{520E11E5-2CC0-4D21-B2E1-C4519B2013FD}.Debug xCover|Win32.Build.0 = Debug xCover|Win32
		{520E11E5-2CC0-4D21-B2E1-C4519B2013FD}.Release Multithreaded DLL|Win32.ActiveCfg = Release|Win32
		{520E11E5-2CC0-4D21-B2E1-C4519B2013FD}.Release Multithreaded DLL|Win32.Build.0 = Release|Win32
		{520E11E5-2CC0-4D21-B2E1-C4519B2013FD}.Release Multithreaded|Win32.ActiveCfg = Release|Win32
		{520E11E5-2CC0-4D21-B2E1-C4519B2013FD}.Release Multithreaded|Win32.Build.0 = Release|Win32
		{520E11E5-2CC0-4D21-B2E1-C4519B2013FD}.Unicode Debug Multithreaded|Win32.ActiveCfg = Debug|Win32
		{520E11E5-2CC0-4D21-B2E1-C4519B2013FD}.Unicode Debug Multithreaded|Win32.Build.0 = Debug|Win32
		{520E11E5-2CC0-4D21-B2E1-C4519B2013FD}.Unicode Debug xCover|Win32.ActiveCfg = Debug xCover|Win32
		{520E11E5-2CC0-4D21-B2E1-C4519B2013FD}.Unicode Debug xCover|Win32.Build.0 = Debug xCover|Win32
		{8D0AA0BA-81AF-4188-8011-06F1E9B572A1}.Debug Multithreaded DLL|Win32.ActiveCfg = Debug Multithreaded xCover|Win32
		{8D0AA0BA-81AF-4188-8011-06F1E9B572A1}.Debug Multithreaded|Win32.ActiveCfg = Debug Multithreaded|Win32
		{8D0AA0BA-81AF-4188-8011-06F1E9B572A1}.Debug Multithreaded|Win32.Build.0 = Debug Multithreaded|Win32
		{8D0AA0BA-81AF-4188-8011-06F1E9B572A1}.Debug NoX|Win32.ActiveCfg = Debug Multithreaded xCover|Win32
		{8D0AA0BA-81AF-4188-8011-06F1E9B572A1}.Debug NoX|Win32.Build.0 = Debug Multithreaded xCover|Win32
		{8D0AA0BA-81AF-4188-8011-06F1E9B572A1}.Debug pseudoUNIX|Win32.ActiveCfg = Debug Multithreaded xCover|Win32
		{8D0AA0BA-81AF-4188-8011-06F1E9B572A1}.Debug pseudoUNIX|Win32.Build.0 = Debug Multithreaded xCover|Win32
		{8D0AA0BA-81AF-4188-8011-06F1E9B572A1}.Debug xCover|Win32.ActiveCfg = Debug Multithreaded xCover|Win32
		{8D0AA0BA-81AF-4188-8011-06F1E9B572A1}.Debug xCover|Win32.Build.0 = Debug Multithreaded xCover|Win32
		{8D0AA0BA-81AF-4188-8011-06F1E9B572A1}.Release Multithreaded DLL|Win32.ActiveCfg = Release Multithreaded|Win32
		{8D0AA0BA-81AF-4188-8011-06F1E9B572A1}.Release Multithreaded DLL|Win32.Build.0 = Release Multithreaded|Win32
		{8D0AA0BA-81AF-4188-8011-06F1E9B572A1}.Release Multithreaded|Win32.ActiveCfg = Release Multithreaded|Win32
		{8D0AA0BA-81AF-4188-8011-06F1E9B572A1}.Release Multithreaded|Win32.Build.0 = Release Multithreaded|Win32
		{8D0AA0BA-81AF-4188-8011-06F1E9B572A1}.Unicode Debug Multithreaded|Win32.ActiveCfg = Debug Multithreaded|Win32
		{8D0AA0BA-81AF-4188-8011-06F1E9B572A1}.Unicode Debug Multithreaded|Win32.Build.0 = Debug Multithreaded|Win32
		{8D0AA0BA-81AF-4188-8011-06F1E9B572A1}.Unicode Debug xCover|Win32.ActiveCfg = Debug Multithreaded xCover|Win32
		{8D0AA0BA-81AF-4188-8011-06F1E9B572A1}.Unicode Debug xCover|Win32.Build.0 = Debug Multithreaded xCover|Win32
		{0C1B33A9-516B-49AE-B1AE-D544CC710AC4}.Debug Multithreaded DLL|Win32.ActiveCfg = Debug Multithreaded NoX|Win32
		{0C1B33A9-516B-49AE-B1AE-D544CC710AC4}.Debug Multithreaded|Win32.ActiveCfg = Debug Multithreaded|Win32
		{0C1B33A9-516B-49AE-B1AE-D544CC710AC4}.Debug Multithreaded|Win32.Build.0 = Debug Multithreaded|Win32
		{0C1B33A9-516B-49AE-B1AE-D544CC710AC4}.Debug NoX|Win32.ActiveCfg = Debug Multithreaded NoX|Win32
		{0C1B33A9-516B-49AE-B1AE-D544CC710AC4}.Debug NoX|Win32.Build.0 = Debug Multithreaded NoX|Win32
		{0C1B33A9-516B-49AE-B1AE-D544CC710AC4}.Debug pseudoUNIX|Win32.ActiveCfg = Debug Multithreaded NoX|Win32
		{0C1B33A9-516B-49AE-B1AE-D544CC710AC4}.Debug pseudoUNIX|Win32.Build.0 = Debug Multithreaded NoX|Win32
		{0C1B33A9-516B-49AE-B1AE-D544CC710AC4}.Debug xCover|Win32.ActiveCfg = Debug Multithreaded NoX|Win32
		{0C1B33A9-516B-49AE-B1AE-D544CC710AC4}.Debug xCover|Win32.Build.0 = Debug Multithreaded NoX|Win32
		{0C1B33A9-516B-49AE-B1AE-D544CC710AC4}.Release Multithreaded DLL|Win32.ActiveCfg = Release Multithreaded|Win32
		{0C1B33A9-516B-49AE-B1AE-D544CC710AC4}.Release Multithreaded DLL|Win32.Build.0 = Release Multithreaded|Win32
		{0C1B33A9-516B-49AE-B1AE-D544CC710AC4}.Release Multithreaded|Win32.ActiveCfg = Release Multithreaded|Win32
		{0C1B33A9-516B-49AE-B1AE-D544CC710AC4}.Release Multithreaded|Win32.Build.0 = Release Multithreaded|Win32
		{0C1B33A9-516B-49AE-B1AE-D544CC710AC4}.Unicode Debug Multithreaded|Win32.ActiveCfg = Debug Multithreaded|Win32
		{0C1B33A9-516B-49AE-B1AE-D544CC710AC4}.Unicode Debug Multithreaded|Win32.Build.0 = Debug Multithreaded|Win32
		{0C1B33A9-516B-49AE-B1AE-D544CC710AC4}.Unicode Debug xCover|Win32.ActiveCfg = Debug Multithreaded NoX|Win32
		{0C1B33A9-516B-49AE-B1AE-D544CC710AC4}.Unicode Debug xCover|Win32.Build.0 = Debug Multithreaded NoX|Win32
		{4E0211EA-00BE-4E2B-990B-603483A0FAEC}.Debug Multithreaded DLL|Win32.ActiveCfg = Debug Multithreaded NoX|Win32
		{4E0211EA-00BE-4E2B-990B-603483A0FAEC}.Debug Multithreaded|Win32.ActiveCfg = Debug Multithreaded|Win32
		{4E0211EA-00BE-4E2B-990B-603483A0FAEC}.Debug Multithreaded|Win32.Build.0 = Debug Multithreaded|Win32
		{4E0211EA-00BE-4E2B-990B-603483A0FAEC}.Debug NoX|Win32.ActiveCfg = Debug Multithreaded NoX|Win32
		{4E0211EA-00BE-4E2B-990B-603483A0FAEC}.Debug NoX|Win32.Build.0 = Debug Multithreaded NoX|Win32
		{4E0211EA-00BE-4E2B-990B-603483A0FAEC}.Debug pseudoUNIX|Win32.ActiveCfg = Debug Multithreaded NoX|Win32
		{4E0211EA-00BE-4E2B-990B-603483A0FAEC}.Debug pseudoUNIX|Win32.Build.0 = Debug Multithreaded NoX|Win32
		{4E0211EA-00BE-4E2B-990B-603483A0FAEC}.Debug xCover|Win32.ActiveCfg = Debug Multithreaded NoX|Win32
		{4E0211EA-00BE-4E2B-990B-603483A0FAEC}.Debug xCover|Win32.Build.0 = Debug Multithreaded NoX|Win32
		{4E0211EA-00BE-4E2B-990B-603483A0FAEC}.Release Multithreaded DLL|Win32.ActiveCfg = Release Multithreaded|Win32
		{4E0211EA-00BE-4E2B-990B-603483A0FAEC}.Release Multithreaded DLL|Win32.Build.0 = Release Multithreaded|Win32
		{4E0211EA-00BE-4E2B-990B-603483A0FAEC}.Release Multithreaded|Win32.ActiveCfg = Release Multithreaded|Win32
		{4E0211EA-00BE-4E2B-990B-603483A0FAEC}.Release Multithreaded|Win32.Build.0 = Release Multithreaded|Win32
		{4E0211EA-00BE-4E2B-990B-603483A0FAEC}.Unicode Debug Multithreaded|Win32.ActiveCfg = Debug Multithreaded|Win32
		{4E0211EA-00BE-4E2B-990B-603483A0FAEC}.Unicode Debug Multithreaded|Win32.Build.0 = Debug Multithreaded|Win32
		{4E0211EA-00BE-4E2B-990B-603483A0FAEC}.Unicode Debug xCover|Win32.ActiveCfg = Debug Multithreaded NoX|Win32
		{4E0211EA-00BE-4E2B-990B-603483A0FAEC}.Unicode Debug xCover|Win32.Build.0 = Debug Multithreaded NoX|Win32
		{7A2991A3-B715-48FC-BB16-2CC768CF59FB}.Debug Multithreaded DLL|Win32.ActiveCfg = Debug Multithreaded NoX|Win32
		{7A2991A3-B715-48FC-BB16-2CC768CF59FB}.Debug Multithreaded|Win32.ActiveCfg = Debug Multithreaded|Win32
		{7A2991A3-B715-48FC-BB16-2CC768CF59FB}.Debug Multithreaded|Win32.Build.0 = Debug Multithreaded|Win32
		{7A2991A3-B715-48FC-BB16-2CC768CF59FB}.Debug NoX|Win32.ActiveCfg = Debug Multithreaded NoX|Win32
		{7A2991A3-B715-48FC-BB16-2CC768CF59FB}.Debug NoX|Win32.Build.0 = Debug Multithreaded NoX|Win32
		{7A2991A3-B715-48FC-BB16-2CC768CF59FB}.Debug pseudoUNIX|Win32.ActiveCfg = Debug Multithreaded NoX|Win32
		{7A2991A3-B715-48FC-BB16-2CC768CF59FB}.Debug pseudoUNIX|Win32.Build.0 = Debug Multithreaded NoX|Win32
		{7A2991A3-B715-48FC-BB16-2CC768CF59FB}.Debug xCover|Win32.ActiveCfg = Debug Multithreaded NoX|Win32
		{7A2991A3-B715-48FC-BB16-2CC768CF59FB}.Debug xCover|Win32.Build.0 = Debug Multithreaded NoX|Win32
		{7A2991A3-B715-48FC-BB16-2CC768CF59FB}.Release Multithreaded DLL|Win32.ActiveCfg = Release Multithreaded|Win32
		{7A2991A3-B715-48FC-BB16-2CC768CF59FB}.Release Multithreaded DLL|Win32.Build.0 = Release Multithreaded|Win32
		{7A2991A3-B715-48FC-BB16-2CC768CF59FB}.Release Multithreaded|Win32.ActiveCfg = Release Multithreaded|Win32
		{7A2991A3-B715-48FC-BB16-2CC768CF59FB}.Release Multithreaded|Win32.Build.0 = Release Multithreaded|Win32
		{7A2991A3-B715-48FC-BB16-2CC768CF59FB}.Unicode Debug Multithreaded|Win32.ActiveCfg = Debug Multithreaded|Win32
		{7A2991A3-B715-48FC-BB16-2CC768CF59FB}.Unicode Debug Multithreaded|Win32.Build.0 = Debug Multithreaded|Win32
		{7A2991A3-B715-48FC-BB16-2CC768CF59FB}.Unicode Debug xCover|Win32.ActiveCfg = Debug Multithreaded NoX|Win32
		{7A2991A3-B715-48FC-BB16-2CC768CF59FB}.Unicode Debug xCover|Win32.Build.0 = Debug Multithreaded NoX|Win32
		{1B4A5003-F986-4B4D-B744-42668A5734D8}.Debug Multithreaded DLL|Win32.ActiveCfg = Debug Multithreaded NoX|Win32
		{1B4A5003-F986-4B4D-B744-42668A5734D8}.Debug Multithreaded|Win32.ActiveCfg = Debug Multithreaded|Win32
		{1B4A5003-F986-4B4D-B744-42668A5734D8}.Debug Multithreaded|Win32.Build.0 = Debug Multithreaded|Win32
		{1B4A5003-F986-4B4D-B744-42668A5734D8}.Debug NoX|Win32.ActiveCfg = Debug Multithreaded NoX|Win32
		{1B4A5003-F986-4B4D-B744-42668A5734D8}.Debug NoX|Win32.Build.0 = Debug Multithreaded NoX|Win32
		{1B4A5003-F986-4B4D-B744-42668A5734D8}.Debug pseudoUNIX|Win32.ActiveCfg = Debug Multithreaded NoX|Win32
		{1B4A5003-F986-4B4D-B744-42668A5734D8}.Debug pseudoUNIX|Win32.Build.0 = Debug Multithreaded NoX|Win32
		{1B4A5003-F986-4B4D-B744-42668A5734D8}.Debug xCover|Win32.ActiveCfg = Debug Multithreaded NoX|Win32
		{1B4A5003-F986-4B4D-B744-42668A5734D8}.Debug xCover|Win32.Build.0 = Debug Multithreaded NoX|Win32
		{1B4A5003-F986-4B4D-B744-42668A5734D8}.Release Multithreaded DLL|Win32.ActiveCfg = Release Multithreaded|Win32
		{1B4A5003-F986-4B4D-B744-42668A5734D8}.Release Multithreaded DLL|Win32.Build.0 = Release Multithreaded|Win32
		{1B4A5003-F986-4B4D-B744-42668A5734D8}.Release Multithreaded|Win32.ActiveCfg = Release Multithreaded|Win32
		{1B4A5003-F986-4B4D-B744-42668A5734D8}.Release Multithreaded|Win32.Build.0 = Release Multithreaded|Win32
		{1B4A5003-F986-4B4D-B744-42668A5734D8}.Unicode Debug Multithreaded|Win32.ActiveCfg = Debug Multithreaded|Win32
		{1B4A5003-F986-4B4D-B744-42668A5734D8}.Unicode Debug Multithreaded|Win32.Build.0 = Debug Multithreaded|Win32
		{1B4A5003-F986-4B4D-B744-42668A5734D8}.Unicode Debug xCover|Win32.ActiveCfg = Debug Multithreaded NoX|Win32
		{1B4A5003-F986-4B4D-B744-42668A5734D8}.Unicode Debug xCover|Win32.Build.0 = Debug Multithreaded NoX|Win32
		{1B32224F-76EB-4EB2-A58D-AB867D5F5E98}.Debug Multithreaded DLL|Win32.ActiveCfg = Debug Multithreaded xCover|Win32
		{1B32224F-76EB-4EB2-A58D-AB867D5F5E98}.Debug Multithreaded|Win32.ActiveCfg = Debug Multithreaded|Win32
		{1B32224F-76EB-4EB2-A58D-AB867D5F5E98}.Debug Multithreaded|Win32.Build.0 = Debug Multithreaded|Win32
		{1B32224F-76EB-4EB2-A58D-AB867D5F5E98}.Debug NoX|Win32.ActiveCfg = Debug Multithreaded xCover|Win32
		{1B32224F-76EB-4EB2-A58D-AB867D5F5E98}.Debug NoX|Win32.Build.0 = Debug Multithreaded xCover|Win32
		{1B32224F-76EB-4EB2-A58D-AB867D5F5E98}.Debug pseudoUNIX|Win32.ActiveCfg = Debug Multithreaded xCover|Win32
		{1B32224F-76EB-4EB2-A58D-AB867D5F5E98}.Debug pseudoUNIX|Win32.Build.0 = Debug Multithreaded xCover|Win32
		{1B32224F-76EB-4EB2-A58D-AB867D5F5E98}.Debug xCover|Win32.ActiveCfg = Debug Multithreaded xCover|Win32
		{1B32224F-76EB-4EB2-A58D-AB867D5F5E98}.Debug xCover|Win32.Build.0 = Debug Multithreaded xCover|Win32
		{1B32224F-76EB-4EB2-A58D-AB867D5F5E98}.Release Multithreaded DLL|Win32.ActiveCfg = Release Multithreaded|Win32
		{1B32224F-76EB-4EB2-A58D-AB867D5F5E98}.Release Multithreaded DLL|Win32.Build.0 = Release Multithreaded|Win32
		{1B32224F-76EB-4EB2-A58D-AB867D5F5E98}.Release Multithreaded|Win32.ActiveCfg = Release Multithreaded|Win32
		{1B32224F-76EB-4EB2-A58D-AB867D5F5E98}.Release Multithreaded|Win32.Build.0 = Release Multithreaded|Win32
		{1B32224F-76EB-4EB2-A58D-AB867D5F5E98}.Unicode Debug Multithreaded|Win32.ActiveCfg = Unicode Debug Multithreaded xCover|Win32
		{1B32224F-76EB-4EB2-A58D-AB867D5F5E98}.Unicode Debug Multithreaded|Win32.Build.0 = Unicode Debug Multithreaded xCover|Win32
		{1B32224F-76EB-4EB2-A58D-AB867D5F5E98}.Unicode Debug xCover|Win32.ActiveCfg = Unicode Debug Multithreaded xCover|Win32
		{1B32224F-76EB-4EB2-A58D-AB867D5F5E98}.Unicode Debug xCover|Win32.Build.0 = Unicode Debug Multithreaded xCover|Win32
		{C3AD787F-EDF4-47E5-B1E8-D7C366A20280}.Debug Multithreaded DLL|Win32.ActiveCfg = Debug Multithreaded DLL|Win32
		{C3AD787F-EDF4-47E5-B1E8-D7C366A20280}.Debug Multithreaded DLL|Win32.Build.0 = Debug Multithreaded DLL|Win32
		{C3AD787F-EDF4-47E5-B1E8-D7C366A20280}.Debug Multithreaded|Win32.ActiveCfg = Debug Multithreaded|Win32
		{C3AD787F-EDF4-47E5-B1E8-D7C366A20280}.Debug Multithreaded|Win32.Build.0 = Debug Multithreaded|Win32
		{C3AD787F-EDF4-47E5-B1E8-D7C366A20280}.Debug NoX|Win32.ActiveCfg = Debug Multithreaded|Win32
		{C3AD787F-EDF4-47E5-B1E8-D7C366A20280}.Debug NoX|Win32.Build.0 = Debug Multithreaded|Win32
		{C3AD787F-EDF4-47E5-B1E8-D7C366A20280}.Debug pseudoUNIX|Win32.ActiveCfg = Debug Multithreaded|Win32
		{C3AD787F-EDF4-47E5-B1E8-D7C366A20280}.Debug pseudoUNIX|Win32.Build.0 = Debug Multithreaded|Win32
		{C3AD787F-EDF4-47E5-B1E8-D7C366A20280}.Debug xCover|Win32.ActiveCfg = Debug Multithreaded|Win32
		{C3AD787F-EDF4-47E5-B1E8-D7C366A20280}.Debug xCover|Win32.Build.0 = Debug Multithreaded|Win32
		{C3AD787F-EDF4-47E5-B1E8-D7C366A20280}.Release Multithreaded DLL|Win32.ActiveCfg = Release Multithreaded|Win32
		{C3AD787F-EDF4-47E5-B1E8-D7C366A20280}.Release Multithreaded DLL|Win32.Build.0 = Release Multithreaded|Win32
		{C3AD787F-EDF4-47E5-B1E8-D7C366A20280}.Release Multithreaded|Win32.ActiveCfg = Release Multithreaded|Win32
		{C3AD787F-EDF4-47E5-B1E8-D7C366A20280}.Release Multithreaded|Win32.Build.0 = Release Multithreaded|Win32
		{C3AD787F-EDF4-47E5-B1E8-D7C366A20280}.Unicode Debug Multithreaded|Win32.ActiveCfg = Debug Multithreaded|Win32
		{C3AD787F-EDF4-47E5-B1E8-D7C366A20280}.Unicode Debug Multithreaded|Win32.Build.0 = Debug Multithreaded|Win32
		{C3AD787F-EDF4-47E5-B1E8-D7C366A20280}.Unicode Debug xCover|Win32.ActiveCfg = Release Multithreaded|Win32
		{C3AD787F-EDF4-47E5-B1E8-D7C366A20280}.Unicode Debug xCover|Win32.Build.0 = Release Multithreaded|Win32
	EndGlobalSection
	GlobalSection(SolutionProperties) = preSolution
		HideSolutionNode = FALSE
	EndGlobalSection
EndGlobal
